
Microsoft Visual Studio Solution File, Format Version 12.00
# Visual Studio Version 16
VisualStudioVersion = 16.0.30114.128
MinimumVisualStudioVersion = 10.0.40219.1
Project("{D954291E-2A0B-460D-934E-DC6B0785DB48}") = "PlumTest.Shared", "PlumTest\PlumTest.Shared\PlumTest.Shared.shproj", "{6279C845-92F8-4333-AB99-3D213163593C}"
EndProject
Project("{FAE04EC0-301F-11D3-BF4B-00C04F79EFBC}") = "PlumTest.UWP", "PlumTest\PlumTest.UWP\PlumTest.UWP.csproj", "{C9764403-ED6A-423A-BF42-2D2FD0C1137E}"
EndProject
Project("{9A19103F-16F7-4668-BE54-9A1E7A4F7556}") = "PlumTest.Wasm", "PlumTest\PlumTest.Wasm\PlumTest.Wasm.csproj", "{501774A0-BF6E-46F9-ABC1-668DD72EB9E0}"
EndProject
Project("{FAE04EC0-301F-11D3-BF4B-00C04F79EFBC}") = "PlumTest.macOS", "PlumTest\PlumTest.macOS\PlumTest.macOS.csproj", "{D197B5E5-A7D7-4D7F-9BD6-B4D90C3655BD}"
EndProject
Project("{FAE04EC0-301F-11D3-BF4B-00C04F79EFBC}") = "Plum.Common", "Plum.Common\Plum.Common.csproj", "{84617E24-5EEF-4741-9DAE-5E37F6F054C1}"
EndProject
Global
	GlobalSection(SharedMSBuildProjectFiles) = preSolution
		PlumTest\PlumTest.Shared\PlumTest.Shared.projitems*{501774a0-bf6e-46f9-abc1-668dd72eb9e0}*SharedItemsImports = 5
		PlumTest\PlumTest.Shared\PlumTest.Shared.projitems*{6279c845-92f8-4333-ab99-3d213163593c}*SharedItemsImports = 13
		PlumTest\PlumTest.Shared\PlumTest.Shared.projitems*{c9764403-ed6a-423a-bf42-2d2fd0c1137e}*SharedItemsImports = 4
		PlumTest\PlumTest.Shared\PlumTest.Shared.projitems*{d197b5e5-a7d7-4d7f-9bd6-b4d90c3655bd}*SharedItemsImports = 4
	EndGlobalSection
	GlobalSection(SolutionConfigurationPlatforms) = preSolution
		Ad-Hoc|Any CPU = Ad-Hoc|Any CPU
		Ad-Hoc|ARM = Ad-Hoc|ARM
		Ad-Hoc|ARM64 = Ad-Hoc|ARM64
		Ad-Hoc|iPhone = Ad-Hoc|iPhone
		Ad-Hoc|iPhoneSimulator = Ad-Hoc|iPhoneSimulator
		Ad-Hoc|x64 = Ad-Hoc|x64
		Ad-Hoc|x86 = Ad-Hoc|x86
		AppStore|Any CPU = AppStore|Any CPU
		AppStore|ARM = AppStore|ARM
		AppStore|ARM64 = AppStore|ARM64
		AppStore|iPhone = AppStore|iPhone
		AppStore|iPhoneSimulator = AppStore|iPhoneSimulator
		AppStore|x64 = AppStore|x64
		AppStore|x86 = AppStore|x86
		Debug|Any CPU = Debug|Any CPU
		Debug|ARM = Debug|ARM
		Debug|ARM64 = Debug|ARM64
		Debug|iPhone = Debug|iPhone
		Debug|iPhoneSimulator = Debug|iPhoneSimulator
		Debug|x64 = Debug|x64
		Debug|x86 = Debug|x86
		Release|Any CPU = Release|Any CPU
		Release|ARM = Release|ARM
		Release|ARM64 = Release|ARM64
		Release|iPhone = Release|iPhone
		Release|iPhoneSimulator = Release|iPhoneSimulator
		Release|x64 = Release|x64
		Release|x86 = Release|x86
	EndGlobalSection
	GlobalSection(ProjectConfigurationPlatforms) = postSolution
		{C9764403-ED6A-423A-BF42-2D2FD0C1137E}.Ad-Hoc|Any CPU.ActiveCfg = Release|x64
		{C9764403-ED6A-423A-BF42-2D2FD0C1137E}.Ad-Hoc|Any CPU.Build.0 = Release|x64
		{C9764403-ED6A-423A-BF42-2D2FD0C1137E}.Ad-Hoc|Any CPU.Deploy.0 = Release|x64
		{C9764403-ED6A-423A-BF42-2D2FD0C1137E}.Ad-Hoc|ARM.ActiveCfg = Release|ARM
		{C9764403-ED6A-423A-BF42-2D2FD0C1137E}.Ad-Hoc|ARM.Build.0 = Release|ARM
		{C9764403-ED6A-423A-BF42-2D2FD0C1137E}.Ad-Hoc|ARM.Deploy.0 = Release|ARM
		{C9764403-ED6A-423A-BF42-2D2FD0C1137E}.Ad-Hoc|ARM64.ActiveCfg = Release|ARM64
		{C9764403-ED6A-423A-BF42-2D2FD0C1137E}.Ad-Hoc|ARM64.Build.0 = Release|ARM64
		{C9764403-ED6A-423A-BF42-2D2FD0C1137E}.Ad-Hoc|ARM64.Deploy.0 = Release|ARM64
		{C9764403-ED6A-423A-BF42-2D2FD0C1137E}.Ad-Hoc|iPhone.ActiveCfg = Release|x64
		{C9764403-ED6A-423A-BF42-2D2FD0C1137E}.Ad-Hoc|iPhone.Build.0 = Release|x64
		{C9764403-ED6A-423A-BF42-2D2FD0C1137E}.Ad-Hoc|iPhone.Deploy.0 = Release|x64
		{C9764403-ED6A-423A-BF42-2D2FD0C1137E}.Ad-Hoc|iPhoneSimulator.ActiveCfg = Release|x64
		{C9764403-ED6A-423A-BF42-2D2FD0C1137E}.Ad-Hoc|iPhoneSimulator.Build.0 = Release|x64
		{C9764403-ED6A-423A-BF42-2D2FD0C1137E}.Ad-Hoc|iPhoneSimulator.Deploy.0 = Release|x64
		{C9764403-ED6A-423A-BF42-2D2FD0C1137E}.Ad-Hoc|x64.ActiveCfg = Release|x64
		{C9764403-ED6A-423A-BF42-2D2FD0C1137E}.Ad-Hoc|x64.Build.0 = Release|x64
		{C9764403-ED6A-423A-BF42-2D2FD0C1137E}.Ad-Hoc|x64.Deploy.0 = Release|x64
		{C9764403-ED6A-423A-BF42-2D2FD0C1137E}.Ad-Hoc|x86.ActiveCfg = Release|x86
		{C9764403-ED6A-423A-BF42-2D2FD0C1137E}.Ad-Hoc|x86.Build.0 = Release|x86
		{C9764403-ED6A-423A-BF42-2D2FD0C1137E}.Ad-Hoc|x86.Deploy.0 = Release|x86
		{C9764403-ED6A-423A-BF42-2D2FD0C1137E}.AppStore|Any CPU.ActiveCfg = Release|x64
		{C9764403-ED6A-423A-BF42-2D2FD0C1137E}.AppStore|Any CPU.Build.0 = Release|x64
		{C9764403-ED6A-423A-BF42-2D2FD0C1137E}.AppStore|Any CPU.Deploy.0 = Release|x64
		{C9764403-ED6A-423A-BF42-2D2FD0C1137E}.AppStore|ARM.ActiveCfg = Release|ARM
		{C9764403-ED6A-423A-BF42-2D2FD0C1137E}.AppStore|ARM.Build.0 = Release|ARM
		{C9764403-ED6A-423A-BF42-2D2FD0C1137E}.AppStore|ARM.Deploy.0 = Release|ARM
		{C9764403-ED6A-423A-BF42-2D2FD0C1137E}.AppStore|ARM64.ActiveCfg = Release|ARM64
		{C9764403-ED6A-423A-BF42-2D2FD0C1137E}.AppStore|ARM64.Build.0 = Release|ARM64
		{C9764403-ED6A-423A-BF42-2D2FD0C1137E}.AppStore|ARM64.Deploy.0 = Release|ARM64
		{C9764403-ED6A-423A-BF42-2D2FD0C1137E}.AppStore|iPhone.ActiveCfg = Release|x64
		{C9764403-ED6A-423A-BF42-2D2FD0C1137E}.AppStore|iPhone.Build.0 = Release|x64
		{C9764403-ED6A-423A-BF42-2D2FD0C1137E}.AppStore|iPhone.Deploy.0 = Release|x64
		{C9764403-ED6A-423A-BF42-2D2FD0C1137E}.AppStore|iPhoneSimulator.ActiveCfg = Release|x64
		{C9764403-ED6A-423A-BF42-2D2FD0C1137E}.AppStore|iPhoneSimulator.Build.0 = Release|x64
		{C9764403-ED6A-423A-BF42-2D2FD0C1137E}.AppStore|iPhoneSimulator.Deploy.0 = Release|x64
		{C9764403-ED6A-423A-BF42-2D2FD0C1137E}.AppStore|x64.ActiveCfg = Release|x64
		{C9764403-ED6A-423A-BF42-2D2FD0C1137E}.AppStore|x64.Build.0 = Release|x64
		{C9764403-ED6A-423A-BF42-2D2FD0C1137E}.AppStore|x64.Deploy.0 = Release|x64
		{C9764403-ED6A-423A-BF42-2D2FD0C1137E}.AppStore|x86.ActiveCfg = Release|x86
		{C9764403-ED6A-423A-BF42-2D2FD0C1137E}.AppStore|x86.Build.0 = Release|x86
		{C9764403-ED6A-423A-BF42-2D2FD0C1137E}.AppStore|x86.Deploy.0 = Release|x86
		{C9764403-ED6A-423A-BF42-2D2FD0C1137E}.Debug|Any CPU.ActiveCfg = Debug|x86
		{C9764403-ED6A-423A-BF42-2D2FD0C1137E}.Debug|ARM.ActiveCfg = Debug|ARM
		{C9764403-ED6A-423A-BF42-2D2FD0C1137E}.Debug|ARM.Build.0 = Debug|ARM
		{C9764403-ED6A-423A-BF42-2D2FD0C1137E}.Debug|ARM.Deploy.0 = Debug|ARM
		{C9764403-ED6A-423A-BF42-2D2FD0C1137E}.Debug|ARM64.ActiveCfg = Debug|ARM64
		{C9764403-ED6A-423A-BF42-2D2FD0C1137E}.Debug|ARM64.Build.0 = Debug|ARM64
		{C9764403-ED6A-423A-BF42-2D2FD0C1137E}.Debug|ARM64.Deploy.0 = Debug|ARM64
		{C9764403-ED6A-423A-BF42-2D2FD0C1137E}.Debug|iPhone.ActiveCfg = Debug|x86
		{C9764403-ED6A-423A-BF42-2D2FD0C1137E}.Debug|iPhoneSimulator.ActiveCfg = Debug|x86
		{C9764403-ED6A-423A-BF42-2D2FD0C1137E}.Debug|x64.ActiveCfg = Debug|x64
		{C9764403-ED6A-423A-BF42-2D2FD0C1137E}.Debug|x64.Build.0 = Debug|x64
		{C9764403-ED6A-423A-BF42-2D2FD0C1137E}.Debug|x64.Deploy.0 = Debug|x64
		{C9764403-ED6A-423A-BF42-2D2FD0C1137E}.Debug|x86.ActiveCfg = Debug|x86
		{C9764403-ED6A-423A-BF42-2D2FD0C1137E}.Debug|x86.Build.0 = Debug|x86
		{C9764403-ED6A-423A-BF42-2D2FD0C1137E}.Debug|x86.Deploy.0 = Debug|x86
		{C9764403-ED6A-423A-BF42-2D2FD0C1137E}.Release|Any CPU.ActiveCfg = Release|x86
		{C9764403-ED6A-423A-BF42-2D2FD0C1137E}.Release|ARM.ActiveCfg = Release|ARM
		{C9764403-ED6A-423A-BF42-2D2FD0C1137E}.Release|ARM.Build.0 = Release|ARM
		{C9764403-ED6A-423A-BF42-2D2FD0C1137E}.Release|ARM.Deploy.0 = Release|ARM
		{C9764403-ED6A-423A-BF42-2D2FD0C1137E}.Release|ARM64.ActiveCfg = Release|ARM64
		{C9764403-ED6A-423A-BF42-2D2FD0C1137E}.Release|ARM64.Build.0 = Release|ARM64
		{C9764403-ED6A-423A-BF42-2D2FD0C1137E}.Release|ARM64.Deploy.0 = Release|ARM64
		{C9764403-ED6A-423A-BF42-2D2FD0C1137E}.Release|iPhone.ActiveCfg = Release|x86
		{C9764403-ED6A-423A-BF42-2D2FD0C1137E}.Release|iPhoneSimulator.ActiveCfg = Release|x86
		{C9764403-ED6A-423A-BF42-2D2FD0C1137E}.Release|x64.ActiveCfg = Release|x64
		{C9764403-ED6A-423A-BF42-2D2FD0C1137E}.Release|x64.Build.0 = Release|x64
		{C9764403-ED6A-423A-BF42-2D2FD0C1137E}.Release|x64.Deploy.0 = Release|x64
		{C9764403-ED6A-423A-BF42-2D2FD0C1137E}.Release|x86.ActiveCfg = Release|x86
		{C9764403-ED6A-423A-BF42-2D2FD0C1137E}.Release|x86.Build.0 = Release|x86
		{C9764403-ED6A-423A-BF42-2D2FD0C1137E}.Release|x86.Deploy.0 = Release|x86
		{501774A0-BF6E-46F9-ABC1-668DD72EB9E0}.Ad-Hoc|Any CPU.ActiveCfg = Debug|Any CPU
		{501774A0-BF6E-46F9-ABC1-668DD72EB9E0}.Ad-Hoc|Any CPU.Build.0 = Debug|Any CPU
		{501774A0-BF6E-46F9-ABC1-668DD72EB9E0}.Ad-Hoc|ARM.ActiveCfg = Debug|Any CPU
		{501774A0-BF6E-46F9-ABC1-668DD72EB9E0}.Ad-Hoc|ARM.Build.0 = Debug|Any CPU
		{501774A0-BF6E-46F9-ABC1-668DD72EB9E0}.Ad-Hoc|ARM64.ActiveCfg = Debug|Any CPU
		{501774A0-BF6E-46F9-ABC1-668DD72EB9E0}.Ad-Hoc|ARM64.Build.0 = Debug|Any CPU
		{501774A0-BF6E-46F9-ABC1-668DD72EB9E0}.Ad-Hoc|iPhone.ActiveCfg = Debug|Any CPU
		{501774A0-BF6E-46F9-ABC1-668DD72EB9E0}.Ad-Hoc|iPhone.Build.0 = Debug|Any CPU
		{501774A0-BF6E-46F9-ABC1-668DD72EB9E0}.Ad-Hoc|iPhoneSimulator.ActiveCfg = Debug|Any CPU
		{501774A0-BF6E-46F9-ABC1-668DD72EB9E0}.Ad-Hoc|iPhoneSimulator.Build.0 = Debug|Any CPU
		{501774A0-BF6E-46F9-ABC1-668DD72EB9E0}.Ad-Hoc|x64.ActiveCfg = Debug|Any CPU
		{501774A0-BF6E-46F9-ABC1-668DD72EB9E0}.Ad-Hoc|x64.Build.0 = Debug|Any CPU
		{501774A0-BF6E-46F9-ABC1-668DD72EB9E0}.Ad-Hoc|x86.ActiveCfg = Debug|Any CPU
		{501774A0-BF6E-46F9-ABC1-668DD72EB9E0}.Ad-Hoc|x86.Build.0 = Debug|Any CPU
		{501774A0-BF6E-46F9-ABC1-668DD72EB9E0}.AppStore|Any CPU.ActiveCfg = Debug|Any CPU
		{501774A0-BF6E-46F9-ABC1-668DD72EB9E0}.AppStore|Any CPU.Build.0 = Debug|Any CPU
		{501774A0-BF6E-46F9-ABC1-668DD72EB9E0}.AppStore|ARM.ActiveCfg = Debug|Any CPU
		{501774A0-BF6E-46F9-ABC1-668DD72EB9E0}.AppStore|ARM.Build.0 = Debug|Any CPU
		{501774A0-BF6E-46F9-ABC1-668DD72EB9E0}.AppStore|ARM64.ActiveCfg = Debug|Any CPU
		{501774A0-BF6E-46F9-ABC1-668DD72EB9E0}.AppStore|ARM64.Build.0 = Debug|Any CPU
		{501774A0-BF6E-46F9-ABC1-668DD72EB9E0}.AppStore|iPhone.ActiveCfg = Debug|Any CPU
		{501774A0-BF6E-46F9-ABC1-668DD72EB9E0}.AppStore|iPhone.Build.0 = Debug|Any CPU
		{501774A0-BF6E-46F9-ABC1-668DD72EB9E0}.AppStore|iPhoneSimulator.ActiveCfg = Debug|Any CPU
		{501774A0-BF6E-46F9-ABC1-668DD72EB9E0}.AppStore|iPhoneSimulator.Build.0 = Debug|Any CPU
		{501774A0-BF6E-46F9-ABC1-668DD72EB9E0}.AppStore|x64.ActiveCfg = Debug|Any CPU
		{501774A0-BF6E-46F9-ABC1-668DD72EB9E0}.AppStore|x64.Build.0 = Debug|Any CPU
		{501774A0-BF6E-46F9-ABC1-668DD72EB9E0}.AppStore|x86.ActiveCfg = Debug|Any CPU
		{501774A0-BF6E-46F9-ABC1-668DD72EB9E0}.AppStore|x86.Build.0 = Debug|Any CPU
		{501774A0-BF6E-46F9-ABC1-668DD72EB9E0}.Debug|Any CPU.ActiveCfg = Debug|Any CPU
		{501774A0-BF6E-46F9-ABC1-668DD72EB9E0}.Debug|Any CPU.Build.0 = Debug|Any CPU
		{501774A0-BF6E-46F9-ABC1-668DD72EB9E0}.Debug|ARM.ActiveCfg = Debug|Any CPU
		{501774A0-BF6E-46F9-ABC1-668DD72EB9E0}.Debug|ARM.Build.0 = Debug|Any CPU
		{501774A0-BF6E-46F9-ABC1-668DD72EB9E0}.Debug|ARM64.ActiveCfg = Debug|Any CPU
		{501774A0-BF6E-46F9-ABC1-668DD72EB9E0}.Debug|ARM64.Build.0 = Debug|Any CPU
		{501774A0-BF6E-46F9-ABC1-668DD72EB9E0}.Debug|iPhone.ActiveCfg = Debug|Any CPU
		{501774A0-BF6E-46F9-ABC1-668DD72EB9E0}.Debug|iPhone.Build.0 = Debug|Any CPU
		{501774A0-BF6E-46F9-ABC1-668DD72EB9E0}.Debug|iPhoneSimulator.ActiveCfg = Debug|Any CPU
		{501774A0-BF6E-46F9-ABC1-668DD72EB9E0}.Debug|iPhoneSimulator.Build.0 = Debug|Any CPU
		{501774A0-BF6E-46F9-ABC1-668DD72EB9E0}.Debug|x64.ActiveCfg = Debug|Any CPU
		{501774A0-BF6E-46F9-ABC1-668DD72EB9E0}.Debug|x64.Build.0 = Debug|Any CPU
		{501774A0-BF6E-46F9-ABC1-668DD72EB9E0}.Debug|x86.ActiveCfg = Debug|Any CPU
		{501774A0-BF6E-46F9-ABC1-668DD72EB9E0}.Debug|x86.Build.0 = Debug|Any CPU
		{501774A0-BF6E-46F9-ABC1-668DD72EB9E0}.Release|Any CPU.ActiveCfg = Release|Any CPU
		{501774A0-BF6E-46F9-ABC1-668DD72EB9E0}.Release|Any CPU.Build.0 = Release|Any CPU
		{501774A0-BF6E-46F9-ABC1-668DD72EB9E0}.Release|ARM.ActiveCfg = Release|Any CPU
		{501774A0-BF6E-46F9-ABC1-668DD72EB9E0}.Release|ARM.Build.0 = Release|Any CPU
		{501774A0-BF6E-46F9-ABC1-668DD72EB9E0}.Release|ARM64.ActiveCfg = Release|Any CPU
		{501774A0-BF6E-46F9-ABC1-668DD72EB9E0}.Release|ARM64.Build.0 = Release|Any CPU
		{501774A0-BF6E-46F9-ABC1-668DD72EB9E0}.Release|iPhone.ActiveCfg = Release|Any CPU
		{501774A0-BF6E-46F9-ABC1-668DD72EB9E0}.Release|iPhone.Build.0 = Release|Any CPU
		{501774A0-BF6E-46F9-ABC1-668DD72EB9E0}.Release|iPhoneSimulator.ActiveCfg = Release|Any CPU
		{501774A0-BF6E-46F9-ABC1-668DD72EB9E0}.Release|iPhoneSimulator.Build.0 = Release|Any CPU
		{501774A0-BF6E-46F9-ABC1-668DD72EB9E0}.Release|x64.ActiveCfg = Release|Any CPU
		{501774A0-BF6E-46F9-ABC1-668DD72EB9E0}.Release|x64.Build.0 = Release|Any CPU
		{501774A0-BF6E-46F9-ABC1-668DD72EB9E0}.Release|x86.ActiveCfg = Release|Any CPU
		{501774A0-BF6E-46F9-ABC1-668DD72EB9E0}.Release|x86.Build.0 = Release|Any CPU
		{D197B5E5-A7D7-4D7F-9BD6-B4D90C3655BD}.Ad-Hoc|Any CPU.ActiveCfg = Release|iPhoneSimulator
		{D197B5E5-A7D7-4D7F-9BD6-B4D90C3655BD}.Ad-Hoc|Any CPU.Build.0 = Release|iPhoneSimulator
		{D197B5E5-A7D7-4D7F-9BD6-B4D90C3655BD}.Ad-Hoc|ARM.ActiveCfg = Release|iPhoneSimulator
		{D197B5E5-A7D7-4D7F-9BD6-B4D90C3655BD}.Ad-Hoc|ARM.Build.0 = Release|iPhoneSimulator
		{D197B5E5-A7D7-4D7F-9BD6-B4D90C3655BD}.Ad-Hoc|ARM64.ActiveCfg = Release|iPhoneSimulator
		{D197B5E5-A7D7-4D7F-9BD6-B4D90C3655BD}.Ad-Hoc|ARM64.Build.0 = Release|iPhoneSimulator
		{D197B5E5-A7D7-4D7F-9BD6-B4D90C3655BD}.Ad-Hoc|iPhone.ActiveCfg = Release|iPhoneSimulator
		{D197B5E5-A7D7-4D7F-9BD6-B4D90C3655BD}.Ad-Hoc|iPhone.Build.0 = Release|iPhoneSimulator
		{D197B5E5-A7D7-4D7F-9BD6-B4D90C3655BD}.Ad-Hoc|iPhoneSimulator.ActiveCfg = Release|iPhoneSimulator
		{D197B5E5-A7D7-4D7F-9BD6-B4D90C3655BD}.Ad-Hoc|iPhoneSimulator.Build.0 = Release|iPhoneSimulator
		{D197B5E5-A7D7-4D7F-9BD6-B4D90C3655BD}.Ad-Hoc|x64.ActiveCfg = Release|iPhoneSimulator
		{D197B5E5-A7D7-4D7F-9BD6-B4D90C3655BD}.Ad-Hoc|x64.Build.0 = Release|iPhoneSimulator
		{D197B5E5-A7D7-4D7F-9BD6-B4D90C3655BD}.Ad-Hoc|x86.ActiveCfg = Release|iPhoneSimulator
		{D197B5E5-A7D7-4D7F-9BD6-B4D90C3655BD}.Ad-Hoc|x86.Build.0 = Release|iPhoneSimulator
		{D197B5E5-A7D7-4D7F-9BD6-B4D90C3655BD}.AppStore|Any CPU.ActiveCfg = Release|iPhoneSimulator
		{D197B5E5-A7D7-4D7F-9BD6-B4D90C3655BD}.AppStore|Any CPU.Build.0 = Release|iPhoneSimulator
		{D197B5E5-A7D7-4D7F-9BD6-B4D90C3655BD}.AppStore|ARM.ActiveCfg = Release|iPhoneSimulator
		{D197B5E5-A7D7-4D7F-9BD6-B4D90C3655BD}.AppStore|ARM.Build.0 = Release|iPhoneSimulator
		{D197B5E5-A7D7-4D7F-9BD6-B4D90C3655BD}.AppStore|ARM64.ActiveCfg = Release|iPhoneSimulator
		{D197B5E5-A7D7-4D7F-9BD6-B4D90C3655BD}.AppStore|ARM64.Build.0 = Release|iPhoneSimulator
		{D197B5E5-A7D7-4D7F-9BD6-B4D90C3655BD}.AppStore|iPhone.ActiveCfg = Release|iPhoneSimulator
		{D197B5E5-A7D7-4D7F-9BD6-B4D90C3655BD}.AppStore|iPhone.Build.0 = Release|iPhoneSimulator
		{D197B5E5-A7D7-4D7F-9BD6-B4D90C3655BD}.AppStore|iPhoneSimulator.ActiveCfg = Release|iPhoneSimulator
		{D197B5E5-A7D7-4D7F-9BD6-B4D90C3655BD}.AppStore|iPhoneSimulator.Build.0 = Release|iPhoneSimulator
		{D197B5E5-A7D7-4D7F-9BD6-B4D90C3655BD}.AppStore|x64.ActiveCfg = Release|iPhoneSimulator
		{D197B5E5-A7D7-4D7F-9BD6-B4D90C3655BD}.AppStore|x64.Build.0 = Release|iPhoneSimulator
		{D197B5E5-A7D7-4D7F-9BD6-B4D90C3655BD}.AppStore|x86.ActiveCfg = Release|iPhoneSimulator
		{D197B5E5-A7D7-4D7F-9BD6-B4D90C3655BD}.AppStore|x86.Build.0 = Release|iPhoneSimulator
		{D197B5E5-A7D7-4D7F-9BD6-B4D90C3655BD}.Debug|Any CPU.ActiveCfg = Debug|iPhoneSimulator
		{D197B5E5-A7D7-4D7F-9BD6-B4D90C3655BD}.Debug|ARM.ActiveCfg = Debug|iPhoneSimulator
		{D197B5E5-A7D7-4D7F-9BD6-B4D90C3655BD}.Debug|ARM64.ActiveCfg = Debug|iPhoneSimulator
		{D197B5E5-A7D7-4D7F-9BD6-B4D90C3655BD}.Debug|iPhone.ActiveCfg = Debug|iPhoneSimulator
		{D197B5E5-A7D7-4D7F-9BD6-B4D90C3655BD}.Debug|iPhoneSimulator.ActiveCfg = Debug|iPhoneSimulator
		{D197B5E5-A7D7-4D7F-9BD6-B4D90C3655BD}.Debug|iPhoneSimulator.Build.0 = Debug|iPhoneSimulator
		{D197B5E5-A7D7-4D7F-9BD6-B4D90C3655BD}.Debug|x64.ActiveCfg = Debug|iPhoneSimulator
		{D197B5E5-A7D7-4D7F-9BD6-B4D90C3655BD}.Debug|x86.ActiveCfg = Debug|iPhoneSimulator
		{D197B5E5-A7D7-4D7F-9BD6-B4D90C3655BD}.Release|Any CPU.ActiveCfg = Release|iPhoneSimulator
		{D197B5E5-A7D7-4D7F-9BD6-B4D90C3655BD}.Release|ARM.ActiveCfg = Release|iPhoneSimulator
		{D197B5E5-A7D7-4D7F-9BD6-B4D90C3655BD}.Release|ARM64.ActiveCfg = Release|iPhoneSimulator
		{D197B5E5-A7D7-4D7F-9BD6-B4D90C3655BD}.Release|iPhone.ActiveCfg = Release|iPhoneSimulator
		{D197B5E5-A7D7-4D7F-9BD6-B4D90C3655BD}.Release|iPhoneSimulator.ActiveCfg = Release|iPhoneSimulator
		{D197B5E5-A7D7-4D7F-9BD6-B4D90C3655BD}.Release|iPhoneSimulator.Build.0 = Release|iPhoneSimulator
		{D197B5E5-A7D7-4D7F-9BD6-B4D90C3655BD}.Release|x64.ActiveCfg = Release|iPhoneSimulator
		{D197B5E5-A7D7-4D7F-9BD6-B4D90C3655BD}.Release|x86.ActiveCfg = Release|iPhoneSimulator
		{84617E24-5EEF-4741-9DAE-5E37F6F054C1}.Ad-Hoc|Any CPU.ActiveCfg = Debug|Any CPU
		{84617E24-5EEF-4741-9DAE-5E37F6F054C1}.Ad-Hoc|Any CPU.Build.0 = Debug|Any CPU
		{84617E24-5EEF-4741-9DAE-5E37F6F054C1}.Ad-Hoc|ARM.ActiveCfg = Debug|Any CPU
		{84617E24-5EEF-4741-9DAE-5E37F6F054C1}.Ad-Hoc|ARM.Build.0 = Debug|Any CPU
		{84617E24-5EEF-4741-9DAE-5E37F6F054C1}.Ad-Hoc|ARM64.ActiveCfg = Debug|Any CPU
		{84617E24-5EEF-4741-9DAE-5E37F6F054C1}.Ad-Hoc|ARM64.Build.0 = Debug|Any CPU
		{84617E24-5EEF-4741-9DAE-5E37F6F054C1}.Ad-Hoc|iPhone.ActiveCfg = Debug|Any CPU
		{84617E24-5EEF-4741-9DAE-5E37F6F054C1}.Ad-Hoc|iPhone.Build.0 = Debug|Any CPU
		{84617E24-5EEF-4741-9DAE-5E37F6F054C1}.Ad-Hoc|iPhoneSimulator.ActiveCfg = Debug|Any CPU
		{84617E24-5EEF-4741-9DAE-5E37F6F054C1}.Ad-Hoc|iPhoneSimulator.Build.0 = Debug|Any CPU
		{84617E24-5EEF-4741-9DAE-5E37F6F054C1}.Ad-Hoc|x64.ActiveCfg = Debug|Any CPU
		{84617E24-5EEF-4741-9DAE-5E37F6F054C1}.Ad-Hoc|x64.Build.0 = Debug|Any CPU
		{84617E24-5EEF-4741-9DAE-5E37F6F054C1}.Ad-Hoc|x86.ActiveCfg = Debug|Any CPU
		{84617E24-5EEF-4741-9DAE-5E37F6F054C1}.Ad-Hoc|x86.Build.0 = Debug|Any CPU
		{84617E24-5EEF-4741-9DAE-5E37F6F054C1}.AppStore|Any CPU.ActiveCfg = Debug|Any CPU
		{84617E24-5EEF-4741-9DAE-5E37F6F054C1}.AppStore|Any CPU.Build.0 = Debug|Any CPU
		{84617E24-5EEF-4741-9DAE-5E37F6F054C1}.AppStore|ARM.ActiveCfg = Debug|Any CPU
		{84617E24-5EEF-4741-9DAE-5E37F6F054C1}.AppStore|ARM.Build.0 = Debug|Any CPU
		{84617E24-5EEF-4741-9DAE-5E37F6F054C1}.AppStore|ARM64.ActiveCfg = Debug|Any CPU
		{84617E24-5EEF-4741-9DAE-5E37F6F054C1}.AppStore|ARM64.Build.0 = Debug|Any CPU
		{84617E24-5EEF-4741-9DAE-5E37F6F054C1}.AppStore|iPhone.ActiveCfg = Debug|Any CPU
		{84617E24-5EEF-4741-9DAE-5E37F6F054C1}.AppStore|iPhone.Build.0 = Debug|Any CPU
		{84617E24-5EEF-4741-9DAE-5E37F6F054C1}.AppStore|iPhoneSimulator.ActiveCfg = Debug|Any CPU
		{84617E24-5EEF-4741-9DAE-5E37F6F054C1}.AppStore|iPhoneSimulator.Build.0 = Debug|Any CPU
		{84617E24-5EEF-4741-9DAE-5E37F6F054C1}.AppStore|x64.ActiveCfg = Debug|Any CPU
		{84617E24-5EEF-4741-9DAE-5E37F6F054C1}.AppStore|x64.Build.0 = Debug|Any CPU
		{84617E24-5EEF-4741-9DAE-5E37F6F054C1}.AppStore|x86.ActiveCfg = Debug|Any CPU
		{84617E24-5EEF-4741-9DAE-5E37F6F054C1}.AppStore|x86.Build.0 = Debug|Any CPU
		{84617E24-5EEF-4741-9DAE-5E37F6F054C1}.Debug|Any CPU.ActiveCfg = Debug|Any CPU
		{84617E24-5EEF-4741-9DAE-5E37F6F054C1}.Debug|Any CPU.Build.0 = Debug|Any CPU
		{84617E24-5EEF-4741-9DAE-5E37F6F054C1}.Debug|ARM.ActiveCfg = Debug|Any CPU
		{84617E24-5EEF-4741-9DAE-5E37F6F054C1}.Debug|ARM.Build.0 = Debug|Any CPU
		{84617E24-5EEF-4741-9DAE-5E37F6F054C1}.Debug|ARM64.ActiveCfg = Debug|Any CPU
		{84617E24-5EEF-4741-9DAE-5E37F6F054C1}.Debug|ARM64.Build.0 = Debug|Any CPU
		{84617E24-5EEF-4741-9DAE-5E37F6F054C1}.Debug|iPhone.ActiveCfg = Debug|Any CPU
		{84617E24-5EEF-4741-9DAE-5E37F6F054C1}.Debug|iPhone.Build.0 = Debug|Any CPU
		{84617E24-5EEF-4741-9DAE-5E37F6F054C1}.Debug|iPhoneSimulator.ActiveCfg = Debug|Any CPU
		{84617E24-5EEF-4741-9DAE-5E37F6F054C1}.Debug|iPhoneSimulator.Build.0 = Debug|Any CPU
		{84617E24-5EEF-4741-9DAE-5E37F6F054C1}.Debug|x64.ActiveCfg = Debug|Any CPU
		{84617E24-5EEF-4741-9DAE-5E37F6F054C1}.Debug|x64.Build.0 = Debug|Any CPU
		{84617E24-5EEF-4741-9DAE-5E37F6F054C1}.Debug|x86.ActiveCfg = Debug|Any CPU
		{84617E24-5EEF-4741-9DAE-5E37F6F054C1}.Debug|x86.Build.0 = Debug|Any CPU
		{84617E24-5EEF-4741-9DAE-5E37F6F054C1}.Release|Any CPU.ActiveCfg = Release|Any CPU
		{84617E24-5EEF-4741-9DAE-5E37F6F054C1}.Release|Any CPU.Build.0 = Release|Any CPU
		{84617E24-5EEF-4741-9DAE-5E37F6F054C1}.Release|ARM.ActiveCfg = Release|Any CPU
		{84617E24-5EEF-4741-9DAE-5E37F6F054C1}.Release|ARM.Build.0 = Release|Any CPU
		{84617E24-5EEF-4741-9DAE-5E37F6F054C1}.Release|ARM64.ActiveCfg = Release|Any CPU
		{84617E24-5EEF-4741-9DAE-5E37F6F054C1}.Release|ARM64.Build.0 = Release|Any CPU
		{84617E24-5EEF-4741-9DAE-5E37F6F054C1}.Release|iPhone.ActiveCfg = Release|Any CPU
		{84617E24-5EEF-4741-9DAE-5E37F6F054C1}.Release|iPhone.Build.0 = Release|Any CPU
		{84617E24-5EEF-4741-9DAE-5E37F6F054C1}.Release|iPhoneSimulator.ActiveCfg = Release|Any CPU
		{84617E24-5EEF-4741-9DAE-5E37F6F054C1}.Release|iPhoneSimulator.Build.0 = Release|Any CPU
		{84617E24-5EEF-4741-9DAE-5E37F6F054C1}.Release|x64.ActiveCfg = Release|Any CPU
		{84617E24-5EEF-4741-9DAE-5E37F6F054C1}.Release|x64.Build.0 = Release|Any CPU
		{84617E24-5EEF-4741-9DAE-5E37F6F054C1}.Release|x86.ActiveCfg = Release|Any CPU
		{84617E24-5EEF-4741-9DAE-5E37F6F054C1}.Release|x86.Build.0 = Release|Any CPU
	EndGlobalSection
	GlobalSection(SolutionProperties) = preSolution
		HideSolutionNode = FALSE
	EndGlobalSection
	GlobalSection(ExtensibilityGlobals) = postSolution
		SolutionGuid = {5BBCABDE-E394-4DB9-A4DE-5517B088732C}
	EndGlobalSection
EndGlobal
